
Microsoft Visual Studio Solution File, Format Version 12.00
# Visual Studio Version 16
VisualStudioVersion = 16.0.30204.135
MinimumVisualStudioVersion = 10.0.40219.1
Project("{FAE04EC0-301F-11D3-BF4B-00C04F79EFBC}") = "RconSharp", "RconSharp\RconSharp.csproj", "{E85EB942-10E7-48BE-AC33-F82BAD5F45D9}"
EndProject
Project("{FAE04EC0-301F-11D3-BF4B-00C04F79EFBC}") = "RconSharp.Tests", "RconSharp.Tests\RconSharp.Tests.csproj", "{A2B94529-17EB-4754-9B75-DDC51B93524D}"
EndProject
Global
	GlobalSection(SolutionConfigurationPlatforms) = preSolution
		Debug|Any CPU = Debug|Any CPU
		Release|Any CPU = Release|Any CPU
	EndGlobalSection
	GlobalSection(ProjectConfigurationPlatforms) = postSolution
		{E85EB942-10E7-48BE-AC33-F82BAD5F45D9}.Debug|Any CPU.ActiveCfg = Debug|Any CPU
		{E85EB942-10E7-48BE-AC33-F82BAD5F45D9}.Debug|Any CPU.Build.0 = Debug|Any CPU
		{E85EB942-10E7-48BE-AC33-F82BAD5F45D9}.Release|Any CPU.ActiveCfg = Release|Any CPU
		{E85EB942-10E7-48BE-AC33-F82BAD5F45D9}.Release|Any CPU.Build.0 = Release|Any CPU
		{A2B94529-17EB-4754-9B75-DDC51B93524D}.Debug|Any CPU.ActiveCfg = Debug|Any CPU
		{A2B94529-17EB-4754-9B75-DDC51B93524D}.Debug|Any CPU.Build.0 = Debug|Any CPU
		{A2B94529-17EB-4754-9B75-DDC51B93524D}.Release|Any CPU.ActiveCfg = Release|Any CPU
		{A2B94529-17EB-4754-9B75-DDC51B93524D}.Release|Any CPU.Build.0 = Release|Any CPU
	EndGlobalSection
	GlobalSection(SolutionProperties) = preSolution
		HideSolutionNode = FALSE
	EndGlobalSection
	GlobalSection(ExtensibilityGlobals) = postSolution
		SolutionGuid = {562B8BFF-DD65-41CF-9405-C5FA00F485FC}
	EndGlobalSection
EndGlobal
